// !$*UTF8*$!
{
	archiveVersion = 1;
	classes = {
	};
	objectVersion = 50;
	objects = {

/* Begin PBXBuildFile section */
		9942140625E75E0A00472733 /* AppDelegate.m in Sources */ = {isa = PBXBuildFile; fileRef = 9942140525E75E0A00472733 /* AppDelegate.m */; };
		9942140925E75E0A00472733 /* SceneDelegate.m in Sources */ = {isa = PBXBuildFile; fileRef = 9942140825E75E0A00472733 /* SceneDelegate.m */; };
		9942140C25E75E0A00472733 /* ViewController.m in Sources */ = {isa = PBXBuildFile; fileRef = 9942140B25E75E0A00472733 /* ViewController.m */; };
		9942140F25E75E0A00472733 /* Main.storyboard in Resources */ = {isa = PBXBuildFile; fileRef = 9942140D25E75E0A00472733 /* Main.storyboard */; };
		9942141125E75E0C00472733 /* Assets.xcassets in Resources */ = {isa = PBXBuildFile; fileRef = 9942141025E75E0C00472733 /* Assets.xcassets */; };
		9942141425E75E0C00472733 /* LaunchScreen.storyboard in Resources */ = {isa = PBXBuildFile; fileRef = 9942141225E75E0C00472733 /* LaunchScreen.storyboard */; };
		9942141725E75E0D00472733 /* main.m in Sources */ = {isa = PBXBuildFile; fileRef = 9942141625E75E0D00472733 /* main.m */; };
		9942142125E75E0D00472733 /* tableCell0225Tests.m in Sources */ = {isa = PBXBuildFile; fileRef = 9942142025E75E0D00472733 /* tableCell0225Tests.m */; };
		9942142C25E75E0D00472733 /* tableCell0225UITests.m in Sources */ = {isa = PBXBuildFile; fileRef = 9942142B25E75E0D00472733 /* tableCell0225UITests.m */; };
/* End PBXBuildFile section */

/* Begin PBXContainerItemProxy section */
		9942141D25E75E0D00472733 /* PBXContainerItemProxy */ = {
			isa = PBXContainerItemProxy;
			containerPortal = 994213F925E75E0900472733 /* Project object */;
			proxyType = 1;
			remoteGlobalIDString = 9942140025E75E0900472733;
			remoteInfo = tableCell0225;
		};
		9942142825E75E0D00472733 /* PBXContainerItemProxy */ = {
			isa = PBXContainerItemProxy;
			containerPortal = 994213F925E75E0900472733 /* Project object */;
			proxyType = 1;
			remoteGlobalIDString = 9942140025E75E0900472733;
			remoteInfo = tableCell0225;
		};
/* End PBXContainerItemProxy section */

/* Begin PBXFileReference section */
		9942140125E75E0A00472733 /* tableCell0225.app */ = {isa = PBXFileReference; explicitFileType = wrapper.application; includeInIndex = 0; path = tableCell0225.app; sourceTree = BUILT_PRODUCTS_DIR; };
		9942140425E75E0A00472733 /* AppDelegate.h */ = {isa = PBXFileReference; lastKnownFileType = sourcecode.c.h; path = AppDelegate.h; sourceTree = "<group>"; };
		9942140525E75E0A00472733 /* AppDelegate.m */ = {isa = PBXFileReference; lastKnownFileType = sourcecode.c.objc; path = AppDelegate.m; sourceTree = "<group>"; };
		9942140725E75E0A00472733 /* SceneDelegate.h */ = {isa = PBXFileReference; lastKnownFileType = sourcecode.c.h; path = SceneDelegate.h; sourceTree = "<group>"; };
		9942140825E75E0A00472733 /* SceneDelegate.m */ = {isa = PBXFileReference; lastKnownFileType = sourcecode.c.objc; path = SceneDelegate.m; sourceTree = "<group>"; };
		9942140A25E75E0A00472733 /* ViewController.h */ = {isa = PBXFileReference; lastKnownFileType = sourcecode.c.h; path = ViewController.h; sourceTree = "<group>"; };
		9942140B25E75E0A00472733 /* ViewController.m */ = {isa = PBXFileReference; lastKnownFileType = sourcecode.c.objc; path = ViewController.m; sourceTree = "<group>"; };
		9942140E25E75E0A00472733 /* Base */ = {isa = PBXFileReference; lastKnownFileType = file.storyboard; name = Base; path = Base.lproj/Main.storyboard; sourceTree = "<group>"; };
		9942141025E75E0C00472733 /* Assets.xcassets */ = {isa = PBXFileReference; lastKnownFileType = folder.assetcatalog; path = Assets.xcassets; sourceTree = "<group>"; };
		9942141325E75E0C00472733 /* Base */ = {isa = PBXFileReference; lastKnownFileType = file.storyboard; name = Base; path = Base.lproj/LaunchScreen.storyboard; sourceTree = "<group>"; };
		9942141525E75E0C00472733 /* Info.plist */ = {isa = PBXFileReference; lastKnownFileType = text.plist.xml; path = Info.plist; sourceTree = "<group>"; };
		9942141625E75E0D00472733 /* main.m */ = {isa = PBXFileReference; lastKnownFileType = sourcecode.c.objc; path = main.m; sourceTree = "<group>"; };
		9942141C25E75E0D00472733 /* tableCell0225Tests.xctest */ = {isa = PBXFileReference; explicitFileType = wrapper.cfbundle; includeInIndex = 0; path = tableCell0225Tests.xctest; sourceTree = BUILT_PRODUCTS_DIR; };
		9942142025E75E0D00472733 /* tableCell0225Tests.m */ = {isa = PBXFileReference; lastKnownFileType = sourcecode.c.objc; path = tableCell0225Tests.m; sourceTree = "<group>"; };
		9942142225E75E0D00472733 /* Info.plist */ = {isa = PBXFileReference; lastKnownFileType = text.plist.xml; path = Info.plist; sourceTree = "<group>"; };
		9942142725E75E0D00472733 /* tableCell0225UITests.xctest */ = {isa = PBXFileReference; explicitFileType = wrapper.cfbundle; includeInIndex = 0; path = tableCell0225UITests.xctest; sourceTree = BUILT_PRODUCTS_DIR; };
		9942142B25E75E0D00472733 /* tableCell0225UITests.m */ = {isa = PBXFileReference; lastKnownFileType = sourcecode.c.objc; path = tableCell0225UITests.m; sourceTree = "<group>"; };
		9942142D25E75E0D00472733 /* Info.plist */ = {isa = PBXFileReference; lastKnownFileType = text.plist.xml; path = Info.plist; sourceTree = "<group>"; };
/* End PBXFileReference section */

/* Begin PBXFrameworksBuildPhase section */
		994213FE25E75E0900472733 /* Frameworks */ = {
			isa = PBXFrameworksBuildPhase;
			buildActionMask = 2147483647;
			files = (
			);
			runOnlyForDeploymentPostprocessing = 0;
		};
		9942141925E75E0D00472733 /* Frameworks */ = {
			isa = PBXFrameworksBuildPhase;
			buildActionMask = 2147483647;
			files = (
			);
			runOnlyForDeploymentPostprocessing = 0;
		};
		9942142425E75E0D00472733 /* Frameworks */ = {
			isa = PBXFrameworksBuildPhase;
			buildActionMask = 2147483647;
			files = (
			);
			runOnlyForDeploymentPostprocessing = 0;
		};
/* End PBXFrameworksBuildPhase section */

/* Begin PBXGroup section */
		994213F825E75E0900472733 = {
			isa = PBXGroup;
			children = (
				9942140325E75E0A00472733 /* tableCell0225 */,
				9942141F25E75E0D00472733 /* tableCell0225Tests */,
				9942142A25E75E0D00472733 /* tableCell0225UITests */,
				9942140225E75E0A00472733 /* Products */,
			);
			sourceTree = "<group>";
		};
		9942140225E75E0A00472733 /* Products */ = {
			isa = PBXGroup;
			children = (
				9942140125E75E0A00472733 /* tableCell0225.app */,
				9942141C25E75E0D00472733 /* tableCell0225Tests.xctest */,
				9942142725E75E0D00472733 /* tableCell0225UITests.xctest */,
			);
			name = Products;
			sourceTree = "<group>";
		};
		9942140325E75E0A00472733 /* tableCell0225 */ = {
			isa = PBXGroup;
			children = (
				9942140425E75E0A00472733 /* AppDelegate.h */,
				9942140525E75E0A00472733 /* AppDelegate.m */,
				9942140725E75E0A00472733 /* SceneDelegate.h */,
				9942140825E75E0A00472733 /* SceneDelegate.m */,
				9942140A25E75E0A00472733 /* ViewController.h */,
				9942140B25E75E0A00472733 /* ViewController.m */,
				9942140D25E75E0A00472733 /* Main.storyboard */,
				9942141025E75E0C00472733 /* Assets.xcassets */,
				9942141225E75E0C00472733 /* LaunchScreen.storyboard */,
				9942141525E75E0C00472733 /* Info.plist */,
				9942141625E75E0D00472733 /* main.m */,
			);
			path = tableCell0225;
			sourceTree = "<group>";
		};
		9942141F25E75E0D00472733 /* tableCell0225Tests */ = {
			isa = PBXGroup;
			children = (
				9942142025E75E0D00472733 /* tableCell0225Tests.m */,
				9942142225E75E0D00472733 /* Info.plist */,
			);
			path = tableCell0225Tests;
			sourceTree = "<group>";
		};
		9942142A25E75E0D00472733 /* tableCell0225UITests */ = {
			isa = PBXGroup;
			children = (
				9942142B25E75E0D00472733 /* tableCell0225UITests.m */,
				9942142D25E75E0D00472733 /* Info.plist */,
			);
			path = tableCell0225UITests;
			sourceTree = "<group>";
		};
/* End PBXGroup section */

/* Begin PBXNativeTarget section */
		9942140025E75E0900472733 /* tableCell0225 */ = {
			isa = PBXNativeTarget;
			buildConfigurationList = 9942143025E75E0D00472733 /* Build configuration list for PBXNativeTarget "tableCell0225" */;
			buildPhases = (
				994213FD25E75E0900472733 /* Sources */,
				994213FE25E75E0900472733 /* Frameworks */,
				994213FF25E75E0900472733 /* Resources */,
			);
			buildRules = (
			);
			dependencies = (
			);
			name = tableCell0225;
			productName = tableCell0225;
			productReference = 9942140125E75E0A00472733 /* tableCell0225.app */;
			productType = "com.apple.product-type.application";
		};
		9942141B25E75E0D00472733 /* tableCell0225Tests */ = {
			isa = PBXNativeTarget;
			buildConfigurationList = 9942143325E75E0D00472733 /* Build configuration list for PBXNativeTarget "tableCell0225Tests" */;
			buildPhases = (
				9942141825E75E0D00472733 /* Sources */,
				9942141925E75E0D00472733 /* Frameworks */,
				9942141A25E75E0D00472733 /* Resources */,
			);
			buildRules = (
			);
			dependencies = (
				9942141E25E75E0D00472733 /* PBXTargetDependency */,
			);
			name = tableCell0225Tests;
			productName = tableCell0225Tests;
			productReference = 9942141C25E75E0D00472733 /* tableCell0225Tests.xctest */;
			productType = "com.apple.product-type.bundle.unit-test";
		};
		9942142625E75E0D00472733 /* tableCell0225UITests */ = {
			isa = PBXNativeTarget;
			buildConfigurationList = 9942143625E75E0D00472733 /* Build configuration list for PBXNativeTarget "tableCell0225UITests" */;
			buildPhases = (
				9942142325E75E0D00472733 /* Sources */,
				9942142425E75E0D00472733 /* Frameworks */,
				9942142525E75E0D00472733 /* Resources */,
			);
			buildRules = (
			);
			dependencies = (
				9942142925E75E0D00472733 /* PBXTargetDependency */,
			);
			name = tableCell0225UITests;
			productName = tableCell0225UITests;
			productReference = 9942142725E75E0D00472733 /* tableCell0225UITests.xctest */;
			productType = "com.apple.product-type.bundle.ui-testing";
		};
/* End PBXNativeTarget section */

/* Begin PBXProject section */
		994213F925E75E0900472733 /* Project object */ = {
			isa = PBXProject;
			attributes = {
				LastUpgradeCheck = 1250;
				TargetAttributes = {
					9942140025E75E0900472733 = {
						CreatedOnToolsVersion = 12.5;
					};
					9942141B25E75E0D00472733 = {
						CreatedOnToolsVersion = 12.5;
						TestTargetID = 9942140025E75E0900472733;
					};
					9942142625E75E0D00472733 = {
						CreatedOnToolsVersion = 12.5;
						TestTargetID = 9942140025E75E0900472733;
					};
				};
			};
			buildConfigurationList = 994213FC25E75E0900472733 /* Build configuration list for PBXProject "tableCell0225" */;
			compatibilityVersion = "Xcode 9.3";
			developmentRegion = en;
			hasScannedForEncodings = 0;
			knownRegions = (
				en,
				Base,
			);
			mainGroup = 994213F825E75E0900472733;
			productRefGroup = 9942140225E75E0A00472733 /* Products */;
			projectDirPath = "";
			projectRoot = "";
			targets = (
				9942140025E75E0900472733 /* tableCell0225 */,
				9942141B25E75E0D00472733 /* tableCell0225Tests */,
				9942142625E75E0D00472733 /* tableCell0225UITests */,
			);
		};
/* End PBXProject section */

/* Begin PBXResourcesBuildPhase section */
		994213FF25E75E0900472733 /* Resources */ = {
			isa = PBXResourcesBuildPhase;
			buildActionMask = 2147483647;
			files = (
				9942141425E75E0C00472733 /* LaunchScreen.storyboard in Resources */,
				9942141125E75E0C00472733 /* Assets.xcassets in Resources */,
				9942140F25E75E0A00472733 /* Main.storyboard in Resources */,
			);
			runOnlyForDeploymentPostprocessing = 0;
		};
		9942141A25E75E0D00472733 /* Resources */ = {
			isa = PBXResourcesBuildPhase;
			buildActionMask = 2147483647;
			files = (
			);
			runOnlyForDeploymentPostprocessing = 0;
		};
		9942142525E75E0D00472733 /* Resources */ = {
			isa = PBXResourcesBuildPhase;
			buildActionMask = 2147483647;
			files = (
			);
			runOnlyForDeploymentPostprocessing = 0;
		};
/* End PBXResourcesBuildPhase section */

/* Begin PBXSourcesBuildPhase section */
		994213FD25E75E0900472733 /* Sources */ = {
			isa = PBXSourcesBuildPhase;
			buildActionMask = 2147483647;
			files = (
				9942140C25E75E0A00472733 /* ViewController.m in Sources */,
				9942140625E75E0A00472733 /* AppDelegate.m in Sources */,
				9942141725E75E0D00472733 /* main.m in Sources */,
				9942140925E75E0A00472733 /* SceneDelegate.m in Sources */,
			);
			runOnlyForDeploymentPostprocessing = 0;
		};
		9942141825E75E0D00472733 /* Sources */ = {
			isa = PBXSourcesBuildPhase;
			buildActionMask = 2147483647;
			files = (
				9942142125E75E0D00472733 /* tableCell0225Tests.m in Sources */,
			);
			runOnlyForDeploymentPostprocessing = 0;
		};
		9942142325E75E0D00472733 /* Sources */ = {
			isa = PBXSourcesBuildPhase;
			buildActionMask = 2147483647;
			files = (
				9942142C25E75E0D00472733 /* tableCell0225UITests.m in Sources */,
			);
			runOnlyForDeploymentPostprocessing = 0;
		};
/* End PBXSourcesBuildPhase section */

/* Begin PBXTargetDependency section */
		9942141E25E75E0D00472733 /* PBXTargetDependency */ = {
			isa = PBXTargetDependency;
			target = 9942140025E75E0900472733 /* tableCell0225 */;
			targetProxy = 9942141D25E75E0D00472733 /* PBXContainerItemProxy */;
		};
		9942142925E75E0D00472733 /* PBXTargetDependency */ = {
			isa = PBXTargetDependency;
			target = 9942140025E75E0900472733 /* tableCell0225 */;
			targetProxy = 9942142825E75E0D00472733 /* PBXContainerItemProxy */;
		};
/* End PBXTargetDependency section */

/* Begin PBXVariantGroup section */
		9942140D25E75E0A00472733 /* Main.storyboard */ = {
			isa = PBXVariantGroup;
			children = (
				9942140E25E75E0A00472733 /* Base */,
			);
			name = Main.storyboard;
			sourceTree = "<group>";
		};
		9942141225E75E0C00472733 /* LaunchScreen.storyboard */ = {
			isa = PBXVariantGroup;
			children = (
				9942141325E75E0C00472733 /* Base */,
			);
			name = LaunchScreen.storyboard;
			sourceTree = "<group>";
		};
/* End PBXVariantGroup section */

/* Begin XCBuildConfiguration section */
		9942142E25E75E0D00472733 /* Debug */ = {
			isa = XCBuildConfiguration;
			buildSettings = {
				ALWAYS_SEARCH_USER_PATHS = NO;
				CLANG_ANALYZER_NONNULL = YES;
				CLANG_ANALYZER_NUMBER_OBJECT_CONVERSION = YES_AGGRESSIVE;
				CLANG_CXX_LANGUAGE_STANDARD = "gnu++14";
				CLANG_CXX_LIBRARY = "libc++";
				CLANG_ENABLE_MODULES = YES;
				CLANG_ENABLE_OBJC_ARC = YES;
				CLANG_ENABLE_OBJC_WEAK = YES;
				CLANG_WARN_BLOCK_CAPTURE_AUTORELEASING = YES;
				CLANG_WARN_BOOL_CONVERSION = YES;
				CLANG_WARN_COMMA = YES;
				CLANG_WARN_CONSTANT_CONVERSION = YES;
				CLANG_WARN_DEPRECATED_OBJC_IMPLEMENTATIONS = YES;
				CLANG_WARN_DIRECT_OBJC_ISA_USAGE = YES_ERROR;
				CLANG_WARN_DOCUMENTATION_COMMENTS = YES;
				CLANG_WARN_EMPTY_BODY = YES;
				CLANG_WARN_ENUM_CONVERSION = YES;
				CLANG_WARN_INFINITE_RECURSION = YES;
				CLANG_WARN_INT_CONVERSION = YES;
				CLANG_WARN_NON_LITERAL_NULL_CONVERSION = YES;
				CLANG_WARN_OBJC_IMPLICIT_RETAIN_SELF = YES;
				CLANG_WARN_OBJC_LITERAL_CONVERSION = YES;
				CLANG_WARN_OBJC_ROOT_CLASS = YES_ERROR;
				CLANG_WARN_QUOTED_INCLUDE_IN_FRAMEWORK_HEADER = YES;
				CLANG_WARN_RANGE_LOOP_ANALYSIS = YES;
				CLANG_WARN_STRICT_PROTOTYPES = YES;
				CLANG_WARN_SUSPICIOUS_MOVE = YES;
				CLANG_WARN_UNGUARDED_AVAILABILITY = YES_AGGRESSIVE;
				CLANG_WARN_UNREACHABLE_CODE = YES;
				CLANG_WARN__DUPLICATE_METHOD_MATCH = YES;
				COPY_PHASE_STRIP = NO;
				DEBUG_INFORMATION_FORMAT = dwarf;
				ENABLE_STRICT_OBJC_MSGSEND = YES;
				ENABLE_TESTABILITY = YES;
				GCC_C_LANGUAGE_STANDARD = gnu11;
				GCC_DYNAMIC_NO_PIC = NO;
				GCC_NO_COMMON_BLOCKS = YES;
				GCC_OPTIMIZATION_LEVEL = 0;
				GCC_PREPROCESSOR_DEFINITIONS = (
					"DEBUG=1",
					"$(inherited)",
				);
				GCC_WARN_64_TO_32_BIT_CONVERSION = YES;
				GCC_WARN_ABOUT_RETURN_TYPE = YES_ERROR;
				GCC_WARN_UNDECLARED_SELECTOR = YES;
				GCC_WARN_UNINITIALIZED_AUTOS = YES_AGGRESSIVE;
				GCC_WARN_UNUSED_FUNCTION = YES;
				GCC_WARN_UNUSED_VARIABLE = YES;
				IPHONEOS_DEPLOYMENT_TARGET = 14.5;
				MTL_ENABLE_DEBUG_INFO = INCLUDE_SOURCE;
				MTL_FAST_MATH = YES;
				ONLY_ACTIVE_ARCH = YES;
				SDKROOT = iphoneos;
			};
			name = Debug;
		};
		9942142F25E75E0D00472733 /* Release */ = {
			isa = XCBuildConfiguration;
			buildSettings = {
				ALWAYS_SEARCH_USER_PATHS = NO;
				CLANG_ANALYZER_NONNULL = YES;
				CLANG_ANALYZER_NUMBER_OBJECT_CONVERSION = YES_AGGRESSIVE;
				CLANG_CXX_LANGUAGE_STANDARD = "gnu++14";
				CLANG_CXX_LIBRARY = "libc++";
				CLANG_ENABLE_MODULES = YES;
				CLANG_ENABLE_OBJC_ARC = YES;
				CLANG_ENABLE_OBJC_WEAK = YES;
				CLANG_WARN_BLOCK_CAPTURE_AUTORELEASING = YES;
				CLANG_WARN_BOOL_CONVERSION = YES;
				CLANG_WARN_COMMA = YES;
				CLANG_WARN_CONSTANT_CONVERSION = YES;
				CLANG_WARN_DEPRECATED_OBJC_IMPLEMENTATIONS = YES;
				CLANG_WARN_DIRECT_OBJC_ISA_USAGE = YES_ERROR;
				CLANG_WARN_DOCUMENTATION_COMMENTS = YES;
				CLANG_WARN_EMPTY_BODY = YES;
				CLANG_WARN_ENUM_CONVERSION = YES;
				CLANG_WARN_INFINITE_RECURSION = YES;
				CLANG_WARN_INT_CONVERSION = YES;
				CLANG_WARN_NON_LITERAL_NULL_CONVERSION = YES;
				CLANG_WARN_OBJC_IMPLICIT_RETAIN_SELF = YES;
				CLANG_WARN_OBJC_LITERAL_CONVERSION = YES;
				CLANG_WARN_OBJC_ROOT_CLASS = YES_ERROR;
				CLANG_WARN_QUOTED_INCLUDE_IN_FRAMEWORK_HEADER = YES;
				CLANG_WARN_RANGE_LOOP_ANALYSIS = YES;
				CLANG_WARN_STRICT_PROTOTYPES = YES;
				CLANG_WARN_SUSPICIOUS_MOVE = YES;
				CLANG_WARN_UNGUARDED_AVAILABILITY = YES_AGGRESSIVE;
				CLANG_WARN_UNREACHABLE_CODE = YES;
				CLANG_WARN__DUPLICATE_METHOD_MATCH = YES;
				COPY_PHASE_STRIP = NO;
				DEBUG_INFORMATION_FORMAT = "dwarf-with-dsym";
				ENABLE_NS_ASSERTIONS = NO;
				ENABLE_STRICT_OBJC_MSGSEND = YES;
				GCC_C_LANGUAGE_STANDARD = gnu11;
				GCC_NO_COMMON_BLOCKS = YES;
				GCC_WARN_64_TO_32_BIT_CONVERSION = YES;
				GCC_WARN_ABOUT_RETURN_TYPE = YES_ERROR;
				GCC_WARN_UNDECLARED_SELECTOR = YES;
				GCC_WARN_UNINITIALIZED_AUTOS = YES_AGGRESSIVE;
				GCC_WARN_UNUSED_FUNCTION = YES;
				GCC_WARN_UNUSED_VARIABLE = YES;
				IPHONEOS_DEPLOYMENT_TARGET = 14.5;
				MTL_ENABLE_DEBUG_INFO = NO;
				MTL_FAST_MATH = YES;
				SDKROOT = iphoneos;
				VALIDATE_PRODUCT = YES;
			};
			name = Release;
		};
		9942143125E75E0D00472733 /* Debug */ = {
			isa = XCBuildConfiguration;
			buildSettings = {
				ASSETCATALOG_COMPILER_APPICON_NAME = AppIcon;
				ASSETCATALOG_COMPILER_GLOBAL_ACCENT_COLOR_NAME = AccentColor;
				CODE_SIGN_STYLE = Automatic;
				INFOPLIST_FILE = tableCell0225/Info.plist;
				LD_RUNPATH_SEARCH_PATHS = (
					"$(inherited)",
					"@executable_path/Frameworks",
				);
				PRODUCT_BUNDLE_IDENTIFIER = timothy.tableCell0225;
				PRODUCT_NAME = "$(TARGET_NAME)";
				TARGETED_DEVICE_FAMILY = "1,2";
			};
			name = Debug;
		};
		9942143225E75E0D00472733 /* Release */ = {
			isa = XCBuildConfiguration;
			buildSettings = {
				ASSETCATALOG_COMPILER_APPICON_NAME = AppIcon;
				ASSETCATALOG_COMPILER_GLOBAL_ACCENT_COLOR_NAME = AccentColor;
				CODE_SIGN_STYLE = Automatic;
				INFOPLIST_FILE = tableCell0225/Info.plist;
				LD_RUNPATH_SEARCH_PATHS = (
					"$(inherited)",
					"@executable_path/Frameworks",
				);
				PRODUCT_BUNDLE_IDENTIFIER = timothy.tableCell0225;
				PRODUCT_NAME = "$(TARGET_NAME)";
				TARGETED_DEVICE_FAMILY = "1,2";
			};
			name = Release;
		};
		9942143425E75E0D00472733 /* Debug */ = {
			isa = XCBuildConfiguration;
			buildSettings = {
				BUNDLE_LOADER = "$(TEST_HOST)";
				CODE_SIGN_STYLE = Automatic;
				INFOPLIST_FILE = tableCell0225Tests/Info.plist;
				IPHONEOS_DEPLOYMENT_TARGET = 14.5;
				LD_RUNPATH_SEARCH_PATHS = (
					"$(inherited)",
					"@executable_path/Frameworks",
					"@loader_path/Frameworks",
				);
				PRODUCT_BUNDLE_IDENTIFIER = timothy.tableCell0225Tests;
				PRODUCT_NAME = "$(TARGET_NAME)";
				TARGETED_DEVICE_FAMILY = "1,2";
				TEST_HOST = "$(BUILT_PRODUCTS_DIR)/tableCell0225.app/tableCell0225";
			};
			name = Debug;
		};
		9942143525E75E0D00472733 /* Release */ = {
			isa = XCBuildConfiguration;
			buildSettings = {
				BUNDLE_LOADER = "$(TEST_HOST)";
				CODE_SIGN_STYLE = Automatic;
				INFOPLIST_FILE = tableCell0225Tests/Info.plist;
				IPHONEOS_DEPLOYMENT_TARGET = 14.5;
				LD_RUNPATH_SEARCH_PATHS = (
					"$(inherited)",
					"@executable_path/Frameworks",
					"@loader_path/Frameworks",
				);
				PRODUCT_BUNDLE_IDENTIFIER = timothy.tableCell0225Tests;
				PRODUCT_NAME = "$(TARGET_NAME)";
				TARGETED_DEVICE_FAMILY = "1,2";
				TEST_HOST = "$(BUILT_PRODUCTS_DIR)/tableCell0225.app/tableCell0225";
			};
			name = Release;
		};
		9942143725E75E0D00472733 /* Debug */ = {
			isa = XCBuildConfiguration;
			buildSettings = {
				CODE_SIGN_STYLE = Automatic;
				INFOPLIST_FILE = tableCell0225UITests/Info.plist;
				LD_RUNPATH_SEARCH_PATHS = (
					"$(inherited)",
					"@executable_path/Frameworks",
					"@loader_path/Frameworks",
				);
				PRODUCT_BUNDLE_IDENTIFIER = timothy.tableCell0225UITests;
				PRODUCT_NAME = "$(TARGET_NAME)";
				TARGETED_DEVICE_FAMILY = "1,2";
				TEST_TARGET_NAME = tableCell0225;
			};
			name = Debug;
		};
		9942143825E75E0D00472733 /* Release */ = {
			isa = XCBuildConfiguration;
			buildSettings = {
				CODE_SIGN_STYLE = Automatic;
				INFOPLIST_FILE = tableCell0225UITests/Info.plist;
				LD_RUNPATH_SEARCH_PATHS = (
					"$(inherited)",
					"@executable_path/Frameworks",
					"@loader_path/Frameworks",
				);
				PRODUCT_BUNDLE_IDENTIFIER = timothy.tableCell0225UITests;
				PRODUCT_NAME = "$(TARGET_NAME)";
				TARGETED_DEVICE_FAMILY = "1,2";
				TEST_TARGET_NAME = tableCell0225;
			};
			name = Release;
		};
/* End XCBuildConfiguration section */

/* Begin XCConfigurationList section */
		994213FC25E75E0900472733 /* Build configuration list for PBXProject "tableCell0225" */ = {
			isa = XCConfigurationList;
			buildConfigurations = (
				9942142E25E75E0D00472733 /* Debug */,
				9942142F25E75E0D00472733 /* Release */,
			);
			defaultConfigurationIsVisible = 0;
			defaultConfigurationName = Release;
		};
		9942143025E75E0D00472733 /* Build configuration list for PBXNativeTarget "tableCell0225" */ = {
			isa = XCConfigurationList;
			buildConfigurations = (
				9942143125E75E0D00472733 /* Debug */,
				9942143225E75E0D00472733 /* Release */,
			);
			defaultConfigurationIsVisible = 0;
			defaultConfigurationName = Release;
		};
		9942143325E75E0D00472733 /* Build configuration list for PBXNativeTarget "tableCell0225Tests" */ = {
			isa = XCConfigurationList;
			buildConfigurations = (
				9942143425E75E0D00472733 /* Debug */,
				9942143525E75E0D00472733 /* Release */,
			);
			defaultConfigurationIsVisible = 0;
			defaultConfigurationName = Release;
		};
		9942143625E75E0D00472733 /* Build configuration list for PBXNativeTarget "tableCell0225UITests" */ = {
			isa = XCConfigurationList;
			buildConfigurations = (
				9942143725E75E0D00472733 /* Debug */,
				9942143825E75E0D00472733 /* Release */,
			);
			defaultConfigurationIsVisible = 0;
			defaultConfigurationName = Release;
		};
/* End XCConfigurationList section */
	};
	rootObject = 994213F925E75E0900472733 /* Project object */;
}
